Microsoft Visual Studio Solution File, Format Version 12.00
# Visual Studio Version 17
VisualStudioVersion = 17.0.31611.283
MinimumVisualStudioVersion = 10.0.40219.1
Project("{9A19103F-16F7-4668-BE54-9A1E7A4F7556}") = "Battleship", "Battleship.csproj", "{13350049-FC8C-4B78-8F0C-C20D2C90288B}"
EndProject
Project("{FAE04EC0-301F-11D3-BF4B-00C04F79EFBC}") = "Battleship.Tests", "..\Battleship.Tests\Battleship.Tests.csproj", "{C3DCB255-037E-4F5E-BFDC-A064B7FC44B7}"
EndProject
Global
	GlobalSection(SolutionConfigurationPlatforms) = preSolution
		Debug|Any CPU = Debug|Any CPU
		Release|Any CPU = Release|Any CPU
	EndGlobalSection
	GlobalSection(ProjectConfigurationPlatforms) = postSolution
		{13350049-FC8C-4B78-8F0C-C20D2C90288B}.Debug|Any CPU.ActiveCfg = Debug|Any CPU
		{13350049-FC8C-4B78-8F0C-C20D2C90288B}.Debug|Any CPU.Build.0 = Debug|Any CPU
		{13350049-FC8C-4B78-8F0C-C20D2C90288B}.Debug|Any CPU.Deploy.0 = Debug|Any CPU
		{13350049-FC8C-4B78-8F0C-C20D2C90288B}.Release|Any CPU.ActiveCfg = Release|Any CPU
		{13350049-FC8C-4B78-8F0C-C20D2C90288B}.Release|Any CPU.Build.0 = Release|Any CPU
		{13350049-FC8C-4B78-8F0C-C20D2C90288B}.Release|Any CPU.Deploy.0 = Release|Any CPU
		{C3DCB255-037E-4F5E-BFDC-A064B7FC44B7}.Debug|Any CPU.ActiveCfg = Debug|Any CPU
		{C3DCB255-037E-4F5E-BFDC-A064B7FC44B7}.Debug|Any CPU.Build.0 = Debug|Any CPU
		{C3DCB255-037E-4F5E-BFDC-A064B7FC44B7}.Release|Any CPU.ActiveCfg = Release|Any CPU
		{C3DCB255-037E-4F5E-BFDC-A064B7FC44B7}.Release|Any CPU.Build.0 = Release|Any CPU
	EndGlobalSection
	GlobalSection(SolutionProperties) = preSolution
		HideSolutionNode = FALSE
	EndGlobalSection
	GlobalSection(ExtensibilityGlobals) = postSolution
		SolutionGuid = {61F7FB11-1E47-470C-91E2-47F8143E1572}
	EndGlobalSection
EndGlobal
